
Microsoft Visual Studio Solution File, Format Version 12.00
# Visual Studio Version 17
VisualStudioVersion = 17.12.35527.113
MinimumVisualStudioVersion = 10.0.40219.1
Project("{FAE04EC0-301F-11D3-BF4B-00C04F79EFBC}") = "BaseballECommerce", "BaseballECommerce\BaseballECommerce.csproj", "{34F6AE01-5246-494D-A8DC-F0A20E220E99}"
EndProject
Project("{FAE04EC0-301F-11D3-BF4B-00C04F79EFBC}") = "LoggingService", "LoggingService\LoggingService.csproj", "{072EAD6B-61AF-473D-9F6A-2C79FA515F5E}"
EndProject
Project("{FAE04EC0-301F-11D3-BF4B-00C04F79EFBC}") = "BaseballEcommerce.Core.Domain", "BaseballEcommerce.Core.Domain\BaseballEcommerce.Core.Domain.csproj", "{CBDFA335-A940-47C0-ACDB-78B2CC2D978C}"
EndProject
Project("{FAE04EC0-301F-11D3-BF4B-00C04F79EFBC}") = "BaseballECommerce.Infrastructure.Persistence", "BaseballECommerce.Infrastructure.Persistence\BaseballECommerce.Infrastructure.Persistence.csproj", "{9FBF3D62-A2AE-478D-A362-C813B0BCA32B}"
EndProject
Project("{FAE04EC0-301F-11D3-BF4B-00C04F79EFBC}") = "BaseballECommerce.Core.Services.Abstractions", "BaseballECommerce.Core.Services.Abstractions\BaseballECommerce.Core.Services.Abstractions.csproj", "{0E231583-00D7-4171-A17E-76A1DF6995A2}"
EndProject
Project("{FAE04EC0-301F-11D3-BF4B-00C04F79EFBC}") = "BaseballECommerce.Core.Services", "BaseballECommerce.Core.Services\BaseballECommerce.Core.Services.csproj", "{0F4E437E-15F1-4B55-BE04-626A710CD42C}"
EndProject
Project("{FAE04EC0-301F-11D3-BF4B-00C04F79EFBC}") = "BaseballECommerce.Infrastructure.Presentation", "BaseballECommerce.Infrastructure.Presentation\BaseballECommerce.Infrastructure.Presentation.csproj", "{4CF23C0C-3461-4DE1-8F34-8459355D8084}"
EndProject
Global
	GlobalSection(SolutionConfigurationPlatforms) = preSolution
		Debug|Any CPU = Debug|Any CPU
		Release|Any CPU = Release|Any CPU
	EndGlobalSection
	GlobalSection(ProjectConfigurationPlatforms) = postSolution
		{34F6AE01-5246-494D-A8DC-F0A20E220E99}.Debug|Any CPU.ActiveCfg = Debug|Any CPU
		{34F6AE01-5246-494D-A8DC-F0A20E220E99}.Debug|Any CPU.Build.0 = Debug|Any CPU
		{34F6AE01-5246-494D-A8DC-F0A20E220E99}.Release|Any CPU.ActiveCfg = Release|Any CPU
		{34F6AE01-5246-494D-A8DC-F0A20E220E99}.Release|Any CPU.Build.0 = Release|Any CPU
		{072EAD6B-61AF-473D-9F6A-2C79FA515F5E}.Debug|Any CPU.ActiveCfg = Debug|Any CPU
		{072EAD6B-61AF-473D-9F6A-2C79FA515F5E}.Debug|Any CPU.Build.0 = Debug|Any CPU
		{072EAD6B-61AF-473D-9F6A-2C79FA515F5E}.Release|Any CPU.ActiveCfg = Release|Any CPU
		{072EAD6B-61AF-473D-9F6A-2C79FA515F5E}.Release|Any CPU.Build.0 = Release|Any CPU
		{CBDFA335-A940-47C0-ACDB-78B2CC2D978C}.Debug|Any CPU.ActiveCfg = Debug|Any CPU
		{CBDFA335-A940-47C0-ACDB-78B2CC2D978C}.Debug|Any CPU.Build.0 = Debug|Any CPU
		{CBDFA335-A940-47C0-ACDB-78B2CC2D978C}.Release|Any CPU.ActiveCfg = Release|Any CPU
		{CBDFA335-A940-47C0-ACDB-78B2CC2D978C}.Release|Any CPU.Build.0 = Release|Any CPU
		{9FBF3D62-A2AE-478D-A362-C813B0BCA32B}.Debug|Any CPU.ActiveCfg = Debug|Any CPU
		{9FBF3D62-A2AE-478D-A362-C813B0BCA32B}.Debug|Any CPU.Build.0 = Debug|Any CPU
		{9FBF3D62-A2AE-478D-A362-C813B0BCA32B}.Release|Any CPU.ActiveCfg = Release|Any CPU
		{9FBF3D62-A2AE-478D-A362-C813B0BCA32B}.Release|Any CPU.Build.0 = Release|Any CPU
		{0E231583-00D7-4171-A17E-76A1DF6995A2}.Debug|Any CPU.ActiveCfg = Debug|Any CPU
		{0E231583-00D7-4171-A17E-76A1DF6995A2}.Debug|Any CPU.Build.0 = Debug|Any CPU
		{0E231583-00D7-4171-A17E-76A1DF6995A2}.Release|Any CPU.ActiveCfg = Release|Any CPU
		{0E231583-00D7-4171-A17E-76A1DF6995A2}.Release|Any CPU.Build.0 = Release|Any CPU
		{0F4E437E-15F1-4B55-BE04-626A710CD42C}.Debug|Any CPU.ActiveCfg = Debug|Any CPU
		{0F4E437E-15F1-4B55-BE04-626A710CD42C}.Debug|Any CPU.Build.0 = Debug|Any CPU
		{0F4E437E-15F1-4B55-BE04-626A710CD42C}.Release|Any CPU.ActiveCfg = Release|Any CPU
		{0F4E437E-15F1-4B55-BE04-626A710CD42C}.Release|Any CPU.Build.0 = Release|Any CPU
		{4CF23C0C-3461-4DE1-8F34-8459355D8084}.Debug|Any CPU.ActiveCfg = Debug|Any CPU
		{4CF23C0C-3461-4DE1-8F34-8459355D8084}.Debug|Any CPU.Build.0 = Debug|Any CPU
		{4CF23C0C-3461-4DE1-8F34-8459355D8084}.Release|Any CPU.ActiveCfg = Release|Any CPU
		{4CF23C0C-3461-4DE1-8F34-8459355D8084}.Release|Any CPU.Build.0 = Release|Any CPU
	EndGlobalSection
	GlobalSection(SolutionProperties) = preSolution
		HideSolutionNode = FALSE
	EndGlobalSection
EndGlobal
